// !$*UTF8*$!
{
	archiveVersion = 1;
	classes = {
	};
	objectVersion = 77;
	objects = {

/* Begin PBXContainerItemProxy section */
		95F301C22F2A5037009BFA74 /* PBXContainerItemProxy */ = {
			isa = PBXContainerItemProxy;
			containerPortal = 95F301A32F2A5033009BFA74 /* Project object */;
			proxyType = 1;
			remoteGlobalIDString = 95F301AA2F2A5033009BFA74;
			remoteInfo = TableViewProgramatically;
		};
		95F301CC2F2A5037009BFA74 /* PBXContainerItemProxy */ = {
			isa = PBXContainerItemProxy;
			containerPortal = 95F301A32F2A5033009BFA74 /* Project object */;
			proxyType = 1;
			remoteGlobalIDString = 95F301AA2F2A5033009BFA74;
			remoteInfo = TableViewProgramatically;
		};
/* End PBXContainerItemProxy section */

/* Begin PBXFileReference section */
		95F301AB2F2A5033009BFA74 /* TableViewProgramatically.app */ = {isa = PBXFileReference; explicitFileType = wrapper.application; includeInIndex = 0; path = TableViewProgramatically.app; sourceTree = BUILT_PRODUCTS_DIR; };
		95F301C12F2A5037009BFA74 /* TableViewProgramaticallyTests.xctest */ = {isa = PBXFileReference; explicitFileType = wrapper.cfbundle; includeInIndex = 0; path = TableViewProgramaticallyTests.xctest; sourceTree = BUILT_PRODUCTS_DIR; };
		95F301CB2F2A5037009BFA74 /* TableViewProgramaticallyUITests.xctest */ = {isa = PBXFileReference; explicitFileType = wrapper.cfbundle; includeInIndex = 0; path = TableViewProgramaticallyUITests.xctest; sourceTree = BUILT_PRODUCTS_DIR; };
/* End PBXFileReference section */

/* Begin PBXFileSystemSynchronizedBuildFileExceptionSet section */
		95F301D32F2A5037009BFA74 /* Exceptions for "TableViewProgramatically" folder in "TableViewProgramatically" target */ = {
			isa = PBXFileSystemSynchronizedBuildFileExceptionSet;
			membershipExceptions = (
				Info.plist,
			);
			target = 95F301AA2F2A5033009BFA74 /* TableViewProgramatically */;
		};
/* End PBXFileSystemSynchronizedBuildFileExceptionSet section */

/* Begin PBXFileSystemSynchronizedRootGroup section */
		95F301AD2F2A5033009BFA74 /* TableViewProgramatically */ = {
			isa = PBXFileSystemSynchronizedRootGroup;
			exceptions = (
				95F301D32F2A5037009BFA74 /* Exceptions for "TableViewProgramatically" folder in "TableViewProgramatically" target */,
			);
			path = TableViewProgramatically;
			sourceTree = "<group>";
		};
		95F301C42F2A5037009BFA74 /* TableViewProgramaticallyTests */ = {
			isa = PBXFileSystemSynchronizedRootGroup;
			path = TableViewProgramaticallyTests;
			sourceTree = "<group>";
		};
		95F301CE2F2A5037009BFA74 /* TableViewProgramaticallyUITests */ = {
			isa = PBXFileSystemSynchronizedRootGroup;
			path = TableViewProgramaticallyUITests;
			sourceTree = "<group>";
		};
/* End PBXFileSystemSynchronizedRootGroup section */

/* Begin PBXFrameworksBuildPhase section */
		95F301A82F2A5033009BFA74 /* Frameworks */ = {
			isa = PBXFrameworksBuildPhase;
			buildActionMask = 2147483647;
			files = (
			);
			runOnlyForDeploymentPostprocessing = 0;
		};
		95F301BE2F2A5037009BFA74 /* Frameworks */ = {
			isa = PBXFrameworksBuildPhase;
			buildActionMask = 2147483647;
			files = (
			);
			runOnlyForDeploymentPostprocessing = 0;
		};
		95F301C82F2A5037009BFA74 /* Frameworks */ = {
			isa = PBXFrameworksBuildPhase;
			buildActionMask = 2147483647;
			files = (
			);
			runOnlyForDeploymentPostprocessing = 0;
		};
/* End PBXFrameworksBuildPhase section */

/* Begin PBXGroup section */
		95F301A22F2A5033009BFA74 = {
			isa = PBXGroup;
			children = (
				95F301AD2F2A5033009BFA74 /* TableViewProgramatically */,
				95F301C42F2A5037009BFA74 /* TableViewProgramaticallyTests */,
				95F301CE2F2A5037009BFA74 /* TableViewProgramaticallyUITests */,
				95F301AC2F2A5033009BFA74 /* Products */,
			);
			sourceTree = "<group>";
		};
		95F301AC2F2A5033009BFA74 /* Products */ = {
			isa = PBXGroup;
			children = (
				95F301AB2F2A5033009BFA74 /* TableViewProgramatically.app */,
				95F301C12F2A5037009BFA74 /* TableViewProgramaticallyTests.xctest */,
				95F301CB2F2A5037009BFA74 /* TableViewProgramaticallyUITests.xctest */,
			);
			name = Products;
			sourceTree = "<group>";
		};
/* End PBXGroup section */

/* Begin PBXNativeTarget section */
		95F301AA2F2A5033009BFA74 /* TableViewProgramatically */ = {
			isa = PBXNativeTarget;
			buildConfigurationList = 95F301D42F2A5037009BFA74 /* Build configuration list for PBXNativeTarget "TableViewProgramatically" */;
			buildPhases = (
				95F301A72F2A5033009BFA74 /* Sources */,
				95F301A82F2A5033009BFA74 /* Frameworks */,
				95F301A92F2A5033009BFA74 /* Resources */,
			);
			buildRules = (
			);
			dependencies = (
			);
			fileSystemSynchronizedGroups = (
				95F301AD2F2A5033009BFA74 /* TableViewProgramatically */,
			);
			name = TableViewProgramatically;
			packageProductDependencies = (
			);
			productName = TableViewProgramatically;
			productReference = 95F301AB2F2A5033009BFA74 /* TableViewProgramatically.app */;
			productType = "com.apple.product-type.application";
		};
		95F301C02F2A5037009BFA74 /* TableViewProgramaticallyTests */ = {
			isa = PBXNativeTarget;
			buildConfigurationList = 95F301D92F2A5037009BFA74 /* Build configuration list for PBXNativeTarget "TableViewProgramaticallyTests" */;
			buildPhases = (
				95F301BD2F2A5037009BFA74 /* Sources */,
				95F301BE2F2A5037009BFA74 /* Frameworks */,
				95F301BF2F2A5037009BFA74 /* Resources */,
			);
			buildRules = (
			);
			dependencies = (
				95F301C32F2A5037009BFA74 /* PBXTargetDependency */,
			);
			fileSystemSynchronizedGroups = (
				95F301C42F2A5037009BFA74 /* TableViewProgramaticallyTests */,
			);
			name = TableViewProgramaticallyTests;
			packageProductDependencies = (
			);
			productName = TableViewProgramaticallyTests;
			productReference = 95F301C12F2A5037009BFA74 /* TableViewProgramaticallyTests.xctest */;
			productType = "com.apple.product-type.bundle.unit-test";
		};
		95F301CA2F2A5037009BFA74 /* TableViewProgramaticallyUITests */ = {
			isa = PBXNativeTarget;
			buildConfigurationList = 95F301DC2F2A5037009BFA74 /* Build configuration list for PBXNativeTarget "TableViewProgramaticallyUITests" */;
			buildPhases = (
				95F301C72F2A5037009BFA74 /* Sources */,
				95F301C82F2A5037009BFA74 /* Frameworks */,
				95F301C92F2A5037009BFA74 /* Resources */,
			);
			buildRules = (
			);
			dependencies = (
				95F301CD2F2A5037009BFA74 /* PBXTargetDependency */,
			);
			fileSystemSynchronizedGroups = (
				95F301CE2F2A5037009BFA74 /* TableViewProgramaticallyUITests */,
			);
			name = TableViewProgramaticallyUITests;
			packageProductDependencies = (
			);
			productName = TableViewProgramaticallyUITests;
			productReference = 95F301CB2F2A5037009BFA74 /* TableViewProgramaticallyUITests.xctest */;
			productType = "com.apple.product-type.bundle.ui-testing";
		};
/* End PBXNativeTarget section */

/* Begin PBXProject section */
		95F301A32F2A5033009BFA74 /* Project object */ = {
			isa = PBXProject;
			attributes = {
				BuildIndependentTargetsInParallel = 1;
				LastSwiftUpdateCheck = 2620;
				LastUpgradeCheck = 2620;
				TargetAttributes = {
					95F301AA2F2A5033009BFA74 = {
						CreatedOnToolsVersion = 26.2;
					};
					95F301C02F2A5037009BFA74 = {
						CreatedOnToolsVersion = 26.2;
						TestTargetID = 95F301AA2F2A5033009BFA74;
					};
					95F301CA2F2A5037009BFA74 = {
						CreatedOnToolsVersion = 26.2;
						TestTargetID = 95F301AA2F2A5033009BFA74;
					};
				};
			};
			buildConfigurationList = 95F301A62F2A5033009BFA74 /* Build configuration list for PBXProject "TableViewProgramatically" */;
			developmentRegion = en;
			hasScannedForEncodings = 0;
			knownRegions = (
				en,
				Base,
			);
			mainGroup = 95F301A22F2A5033009BFA74;
			minimizedProjectReferenceProxies = 1;
			preferredProjectObjectVersion = 77;
			productRefGroup = 95F301AC2F2A5033009BFA74 /* Products */;
			projectDirPath = "";
			projectRoot = "";
			targets = (
				95F301AA2F2A5033009BFA74 /* TableViewProgramatically */,
				95F301C02F2A5037009BFA74 /* TableViewProgramaticallyTests */,
				95F301CA2F2A5037009BFA74 /* TableViewProgramaticallyUITests */,
			);
		};
/* End PBXProject section */

/* Begin PBXResourcesBuildPhase section */
		95F301A92F2A5033009BFA74 /* Resources */ = {
			isa = PBXResourcesBuildPhase;
			buildActionMask = 2147483647;
			files = (
			);
			runOnlyForDeploymentPostprocessing = 0;
		};
		95F301BF2F2A5037009BFA74 /* Resources */ = {
			isa = PBXResourcesBuildPhase;
			buildActionMask = 2147483647;
			files = (
			);
			runOnlyForDeploymentPostprocessing = 0;
		};
		95F301C92F2A5037009BFA74 /* Resources */ = {
			isa = PBXResourcesBuildPhase;
			buildActionMask = 2147483647;
			files = (
			);
			runOnlyForDeploymentPostprocessing = 0;
		};
/* End PBXResourcesBuildPhase section */

/* Begin PBXSourcesBuildPhase section */
		95F301A72F2A5033009BFA74 /* Sources */ = {
			isa = PBXSourcesBuildPhase;
			buildActionMask = 2147483647;
			files = (
			);
			runOnlyForDeploymentPostprocessing = 0;
		};
		95F301BD2F2A5037009BFA74 /* Sources */ = {
			isa = PBXSourcesBuildPhase;
			buildActionMask = 2147483647;
			files = (
			);
			runOnlyForDeploymentPostprocessing = 0;
		};
		95F301C72F2A5037009BFA74 /* Sources */ = {
			isa = PBXSourcesBuildPhase;
			buildActionMask = 2147483647;
			files = (
			);
			runOnlyForDeploymentPostprocessing = 0;
		};
/* End PBXSourcesBuildPhase section */

/* Begin PBXTargetDependency section */
		95F301C32F2A5037009BFA74 /* PBXTargetDependency */ = {
			isa = PBXTargetDependency;
			target = 95F301AA2F2A5033009BFA74 /* TableViewProgramatically */;
			targetProxy = 95F301C22F2A5037009BFA74 /* PBXContainerItemProxy */;
		};
		95F301CD2F2A5037009BFA74 /* PBXTargetDependency */ = {
			isa = PBXTargetDependency;
			target = 95F301AA2F2A5033009BFA74 /* TableViewProgramatically */;
			targetProxy = 95F301CC2F2A5037009BFA74 /* PBXContainerItemProxy */;
		};
/* End PBXTargetDependency section */

/* Begin XCBuildConfiguration section */
		95F301D52F2A5037009BFA74 /* Debug */ = {
			isa = XCBuildConfiguration;
			buildSettings = {
				ASSETCATALOG_COMPILER_APPICON_NAME = AppIcon;
				ASSETCATALOG_COMPILER_GLOBAL_ACCENT_COLOR_NAME = AccentColor;
				CODE_SIGN_STYLE = Automatic;
				CURRENT_PROJECT_VERSION = 1;
				GENERATE_INFOPLIST_FILE = YES;
				INFOPLIST_FILE = TableViewProgramatically/Info.plist;
				INFOPLIST_KEY_UIApplicationSupportsIndirectInputEvents = YES;
				INFOPLIST_KEY_UILaunchStoryboardName = LaunchScreen;
				INFOPLIST_KEY_UIMainStoryboardFile = Main;
				INFOPLIST_KEY_UISupportedInterfaceOrientations_iPad = "UIInterfaceOrientationPortrait UIInterfaceOrientationPortraitUpsideDown UIInterfaceOrientationLandscapeLeft UIInterfaceOrientationLandscapeRight";
				INFOPLIST_KEY_UISupportedInterfaceOrientations_iPhone = "UIInterfaceOrientationPortrait UIInterfaceOrientationLandscapeLeft UIInterfaceOrientationLandscapeRight";
				LD_RUNPATH_SEARCH_PATHS = (
					"$(inherited)",
					"@executable_path/Frameworks",
				);
				MARKETING_VERSION = 1.0;
				PRODUCT_BUNDLE_IDENTIFIER = com.batch43.TableViewProgramatically;
				PRODUCT_NAME = "$(TARGET_NAME)";
				STRING_CATALOG_GENERATE_SYMBOLS = YES;
				SWIFT_APPROACHABLE_CONCURRENCY = YES;
				SWIFT_DEFAULT_ACTOR_ISOLATION = MainActor;
				SWIFT_EMIT_LOC_STRINGS = YES;
				SWIFT_UPCOMING_FEATURE_MEMBER_IMPORT_VISIBILITY = YES;
				SWIFT_VERSION = 5.0;
				TARGETED_DEVICE_FAMILY = "1,2";
			};
			name = Debug;
		};
		95F301D62F2A5037009BFA74 /* Release */ = {
			isa = XCBuildConfiguration;
			buildSettings = {
				ASSETCATALOG_COMPILER_APPICON_NAME = AppIcon;
				ASSETCATALOG_COMPILER_GLOBAL_ACCENT_COLOR_NAME = AccentColor;
				CODE_SIGN_STYLE = Automatic;
				CURRENT_PROJECT_VERSION = 1;
				GENERATE_INFOPLIST_FILE = YES;
				INFOPLIST_FILE = TableViewProgramatically/Info.plist;
				INFOPLIST_KEY_UIApplicationSupportsIndirectInputEvents = YES;
				INFOPLIST_KEY_UILaunchStoryboardName = LaunchScreen;
				INFOPLIST_KEY_UIMainStoryboardFile = Main;
				INFOPLIST_KEY_UISupportedInterfaceOrientations_iPad = "UIInterfaceOrientationPortrait UIInterfaceOrientationPortraitUpsideDown UIInterfaceOrientationLandscapeLeft UIInterfaceOrientationLandscapeRight";
				INFOPLIST_KEY_UISupportedInterfaceOrientations_iPhone = "UIInterfaceOrientationPortrait UIInterfaceOrientationLandscapeLeft UIInterfaceOrientationLandscapeRight";
				LD_RUNPATH_SEARCH_PATHS = (
					"$(inherited)",
					"@executable_path/Frameworks",
				);
				MARKETING_VERSION = 1.0;
				PRODUCT_BUNDLE_IDENTIFIER = com.batch43.TableViewProgramatically;
				PRODUCT_NAME = "$(TARGET_NAME)";
				STRING_CATALOG_GENERATE_SYMBOLS = YES;
				SWIFT_APPROACHABLE_CONCURRENCY = YES;
				SWIFT_DEFAULT_ACTOR_ISOLATION = MainActor;
				SWIFT_EMIT_LOC_STRINGS = YES;
				SWIFT_UPCOMING_FEATURE_MEMBER_IMPORT_VISIBILITY = YES;
				SWIFT_VERSION = 5.0;
				TARGETED_DEVICE_FAMILY = "1,2";
			};
			name = Release;
		};
		95F301D72F2A5037009BFA74 /* Debug */ = {
			isa = XCBuildConfiguration;
			buildSettings = {
				ALWAYS_SEARCH_USER_PATHS = NO;
				ASSETCATALOG_COMPILER_GENERATE_SWIFT_ASSET_SYMBOL_EXTENSIONS = YES;
				CLANG_ANALYZER_NONNULL = YES;
				CLANG_ANALYZER_NUMBER_OBJECT_CONVERSION = YES_AGGRESSIVE;
				CLANG_CXX_LANGUAGE_STANDARD = "gnu++20";
				CLANG_ENABLE_MODULES = YES;
				CLANG_ENABLE_OBJC_ARC = YES;
				CLANG_ENABLE_OBJC_WEAK = YES;
				CLANG_WARN_BLOCK_CAPTURE_AUTORELEASING = YES;
				CLANG_WARN_BOOL_CONVERSION = YES;
				CLANG_WARN_COMMA = YES;
				CLANG_WARN_CONSTANT_CONVERSION = YES;
				CLANG_WARN_DEPRECATED_OBJC_IMPLEMENTATIONS = YES;
				CLANG_WARN_DIRECT_OBJC_ISA_USAGE = YES_ERROR;
				CLANG_WARN_DOCUMENTATION_COMMENTS = YES;
				CLANG_WARN_EMPTY_BODY = YES;
				CLANG_WARN_ENUM_CONVERSION = YES;
				CLANG_WARN_INFINITE_RECURSION = YES;
				CLANG_WARN_INT_CONVERSION = YES;
				CLANG_WARN_NON_LITERAL_NULL_CONVERSION = YES;
				CLANG_WARN_OBJC_IMPLICIT_RETAIN_SELF = YES;
				CLANG_WARN_OBJC_LITERAL_CONVERSION = YES;
				CLANG_WARN_OBJC_ROOT_CLASS = YES_ERROR;
				CLANG_WARN_QUOTED_INCLUDE_IN_FRAMEWORK_HEADER = YES;
				CLANG_WARN_RANGE_LOOP_ANALYSIS = YES;
				CLANG_WARN_STRICT_PROTOTYPES = YES;
				CLANG_WARN_SUSPICIOUS_MOVE = YES;
				CLANG_WARN_UNGUARDED_AVAILABILITY = YES_AGGRESSIVE;
				CLANG_WARN_UNREACHABLE_CODE = YES;
				CLANG_WARN__DUPLICATE_METHOD_MATCH = YES;
				COPY_PHASE_STRIP = NO;
				DEBUG_INFORMATION_FORMAT = dwarf;
				ENABLE_STRICT_OBJC_MSGSEND = YES;
				ENABLE_TESTABILITY = YES;
				ENABLE_USER_SCRIPT_SANDBOXING = YES;
				GCC_C_LANGUAGE_STANDARD = gnu17;
				GCC_DYNAMIC_NO_PIC = NO;
				GCC_NO_COMMON_BLOCKS = YES;
				GCC_OPTIMIZATION_LEVEL = 0;
				GCC_PREPROCESSOR_DEFINITIONS = (
					"DEBUG=1",
					"$(inherited)",
				);
				GCC_WARN_64_TO_32_BIT_CONVERSION = YES;
				GCC_WARN_ABOUT_RETURN_TYPE = YES_ERROR;
				GCC_WARN_UNDECLARED_SELECTOR = YES;
				GCC_WARN_UNINITIALIZED_AUTOS = YES_AGGRESSIVE;
				GCC_WARN_UNUSED_FUNCTION = YES;
				GCC_WARN_UNUSED_VARIABLE = YES;
				IPHONEOS_DEPLOYMENT_TARGET = 26.2;
				LOCALIZATION_PREFERS_STRING_CATALOGS = YES;
				MTL_ENABLE_DEBUG_INFO = INCLUDE_SOURCE;
				MTL_FAST_MATH = YES;
				ONLY_ACTIVE_ARCH = YES;
				SDKROOT = iphoneos;
				SWIFT_ACTIVE_COMPILATION_CONDITIONS = "DEBUG $(inherited)";
				SWIFT_OPTIMIZATION_LEVEL = "-Onone";
			};
			name = Debug;
		};
		95F301D82F2A5037009BFA74 /* Release */ = {
			isa = XCBuildConfiguration;
			buildSettings = {
				ALWAYS_SEARCH_USER_PATHS = NO;
				ASSETCATALOG_COMPILER_GENERATE_SWIFT_ASSET_SYMBOL_EXTENSIONS = YES;
				CLANG_ANALYZER_NONNULL = YES;
				CLANG_ANALYZER_NUMBER_OBJECT_CONVERSION = YES_AGGRESSIVE;
				CLANG_CXX_LANGUAGE_STANDARD = "gnu++20";
				CLANG_ENABLE_MODULES = YES;
				CLANG_ENABLE_OBJC_ARC = YES;
				CLANG_ENABLE_OBJC_WEAK = YES;
				CLANG_WARN_BLOCK_CAPTURE_AUTORELEASING = YES;
				CLANG_WARN_BOOL_CONVERSION = YES;
				CLANG_WARN_COMMA = YES;
				CLANG_WARN_CONSTANT_CONVERSION = YES;
				CLANG_WARN_DEPRECATED_OBJC_IMPLEMENTATIONS = YES;
				CLANG_WARN_DIRECT_OBJC_ISA_USAGE = YES_ERROR;
				CLANG_WARN_DOCUMENTATION_COMMENTS = YES;
				CLANG_WARN_EMPTY_BODY = YES;
				CLANG_WARN_ENUM_CONVERSION = YES;
				CLANG_WARN_INFINITE_RECURSION = YES;
				CLANG_WARN_INT_CONVERSION = YES;
				CLANG_WARN_NON_LITERAL_NULL_CONVERSION = YES;
				CLANG_WARN_OBJC_IMPLICIT_RETAIN_SELF = YES;
				CLANG_WARN_OBJC_LITERAL_CONVERSION = YES;
				CLANG_WARN_OBJC_ROOT_CLASS = YES_ERROR;
				CLANG_WARN_QUOTED_INCLUDE_IN_FRAMEWORK_HEADER = YES;
				CLANG_WARN_RANGE_LOOP_ANALYSIS = YES;
				CLANG_WARN_STRICT_PROTOTYPES = YES;
				CLANG_WARN_SUSPICIOUS_MOVE = YES;
				CLANG_WARN_UNGUARDED_AVAILABILITY = YES_AGGRESSIVE;
				CLANG_WARN_UNREACHABLE_CODE = YES;
				CLANG_WARN__DUPLICATE_METHOD_MATCH = YES;
				COPY_PHASE_STRIP = NO;
				DEBUG_INFORMATION_FORMAT = "dwarf-with-dsym";
				ENABLE_NS_ASSERTIONS = NO;
				ENABLE_STRICT_OBJC_MSGSEND = YES;
				ENABLE_USER_SCRIPT_SANDBOXING = YES;
				GCC_C_LANGUAGE_STANDARD = gnu17;
				GCC_NO_COMMON_BLOCKS = YES;
				GCC_WARN_64_TO_32_BIT_CONVERSION = YES;
				GCC_WARN_ABOUT_RETURN_TYPE = YES_ERROR;
				GCC_WARN_UNDECLARED_SELECTOR = YES;
				GCC_WARN_UNINITIALIZED_AUTOS = YES_AGGRESSIVE;
				GCC_WARN_UNUSED_FUNCTION = YES;
				GCC_WARN_UNUSED_VARIABLE = YES;
				IPHONEOS_DEPLOYMENT_TARGET = 26.2;
				LOCALIZATION_PREFERS_STRING_CATALOGS = YES;
				MTL_ENABLE_DEBUG_INFO = NO;
				MTL_FAST_MATH = YES;
				SDKROOT = iphoneos;
				SWIFT_COMPILATION_MODE = wholemodule;
				VALIDATE_PRODUCT = YES;
			};
			name = Release;
		};
		95F301DA2F2A5037009BFA74 /* Debug */ = {
			isa = XCBuildConfiguration;
			buildSettings = {
				BUNDLE_LOADER = "$(TEST_HOST)";
				CODE_SIGN_STYLE = Automatic;
				CURRENT_PROJECT_VERSION = 1;
				GENERATE_INFOPLIST_FILE = YES;
				IPHONEOS_DEPLOYMENT_TARGET = 26.2;
				MARKETING_VERSION = 1.0;
				PRODUCT_BUNDLE_IDENTIFIER = com.batch43.TableViewProgramaticallyTests;
				PRODUCT_NAME = "$(TARGET_NAME)";
				STRING_CATALOG_GENERATE_SYMBOLS = NO;
				SWIFT_APPROACHABLE_CONCURRENCY = YES;
				SWIFT_EMIT_LOC_STRINGS = NO;
				SWIFT_UPCOMING_FEATURE_MEMBER_IMPORT_VISIBILITY = YES;
				SWIFT_VERSION = 5.0;
				TARGETED_DEVICE_FAMILY = "1,2";
				TEST_HOST = "$(BUILT_PRODUCTS_DIR)/TableViewProgramatically.app/$(BUNDLE_EXECUTABLE_FOLDER_PATH)/TableViewProgramatically";
			};
			name = Debug;
		};
		95F301DB2F2A5037009BFA74 /* Release */ = {
			isa = XCBuildConfiguration;
			buildSettings = {
				BUNDLE_LOADER = "$(TEST_HOST)";
				CODE_SIGN_STYLE = Automatic;
				CURRENT_PROJECT_VERSION = 1;
				GENERATE_INFOPLIST_FILE = YES;
				IPHONEOS_DEPLOYMENT_TARGET = 26.2;
				MARKETING_VERSION = 1.0;
				PRODUCT_BUNDLE_IDENTIFIER = com.batch43.TableViewProgramaticallyTests;
				PRODUCT_NAME = "$(TARGET_NAME)";
				STRING_CATALOG_GENERATE_SYMBOLS = NO;
				SWIFT_APPROACHABLE_CONCURRENCY = YES;
				SWIFT_EMIT_LOC_STRINGS = NO;
				SWIFT_UPCOMING_FEATURE_MEMBER_IMPORT_VISIBILITY = YES;
				SWIFT_VERSION = 5.0;
				TARGETED_DEVICE_FAMILY = "1,2";
				TEST_HOST = "$(BUILT_PRODUCTS_DIR)/TableViewProgramatically.app/$(BUNDLE_EXECUTABLE_FOLDER_PATH)/TableViewProgramatically";
			};
			name = Release;
		};
		95F301DD2F2A5037009BFA74 /* Debug */ = {
			isa = XCBuildConfiguration;
			buildSettings = {
				CODE_SIGN_STYLE = Automatic;
				CURRENT_PROJECT_VERSION = 1;
				GENERATE_INFOPLIST_FILE = YES;
				MARKETING_VERSION = 1.0;
				PRODUCT_BUNDLE_IDENTIFIER = com.batch43.TableViewProgramaticallyUITests;
				PRODUCT_NAME = "$(TARGET_NAME)";
				STRING_CATALOG_GENERATE_SYMBOLS = NO;
				SWIFT_APPROACHABLE_CONCURRENCY = YES;
				SWIFT_EMIT_LOC_STRINGS = NO;
				SWIFT_UPCOMING_FEATURE_MEMBER_IMPORT_VISIBILITY = YES;
				SWIFT_VERSION = 5.0;
				TARGETED_DEVICE_FAMILY = "1,2";
				TEST_TARGET_NAME = TableViewProgramatically;
			};
			name = Debug;
		};
		95F301DE2F2A5037009BFA74 /* Release */ = {
			isa = XCBuildConfiguration;
			buildSettings = {
				CODE_SIGN_STYLE = Automatic;
				CURRENT_PROJECT_VERSION = 1;
				GENERATE_INFOPLIST_FILE = YES;
				MARKETING_VERSION = 1.0;
				PRODUCT_BUNDLE_IDENTIFIER = com.batch43.TableViewProgramaticallyUITests;
				PRODUCT_NAME = "$(TARGET_NAME)";
				STRING_CATALOG_GENERATE_SYMBOLS = NO;
				SWIFT_APPROACHABLE_CONCURRENCY = YES;
				SWIFT_EMIT_LOC_STRINGS = NO;
				SWIFT_UPCOMING_FEATURE_MEMBER_IMPORT_VISIBILITY = YES;
				SWIFT_VERSION = 5.0;
				TARGETED_DEVICE_FAMILY = "1,2";
				TEST_TARGET_NAME = TableViewProgramatically;
			};
			name = Release;
		};
/* End XCBuildConfiguration section */

/* Begin XCConfigurationList section */
		95F301A62F2A5033009BFA74 /* Build configuration list for PBXProject "TableViewProgramatically" */ = {
			isa = XCConfigurationList;
			buildConfigurations = (
				95F301D72F2A5037009BFA74 /* Debug */,
				95F301D82F2A5037009BFA74 /* Release */,
			);
			defaultConfigurationIsVisible = 0;
			defaultConfigurationName = Release;
		};
		95F301D42F2A5037009BFA74 /* Build configuration list for PBXNativeTarget "TableViewProgramatically" */ = {
			isa = XCConfigurationList;
			buildConfigurations = (
				95F301D52F2A5037009BFA74 /* Debug */,
				95F301D62F2A5037009BFA74 /* Release */,
			);
			defaultConfigurationIsVisible = 0;
			defaultConfigurationName = Release;
		};
		95F301D92F2A5037009BFA74 /* Build configuration list for PBXNativeTarget "TableViewProgramaticallyTests" */ = {
			isa = XCConfigurationList;
			buildConfigurations = (
				95F301DA2F2A5037009BFA74 /* Debug */,
				95F301DB2F2A5037009BFA74 /* Release */,
			);
			defaultConfigurationIsVisible = 0;
			defaultConfigurationName = Release;
		};
		95F301DC2F2A5037009BFA74 /* Build configuration list for PBXNativeTarget "TableViewProgramaticallyUITests" */ = {
			isa = XCConfigurationList;
			buildConfigurations = (
				95F301DD2F2A5037009BFA74 /* Debug */,
				95F301DE2F2A5037009BFA74 /* Release */,
			);
			defaultConfigurationIsVisible = 0;
			defaultConfigurationName = Release;
		};
/* End XCConfigurationList section */
	};
	rootObject = 95F301A32F2A5033009BFA74 /* Project object */;
}
